github.com/mattn/go-shellwords v1.0.14 h1:yUKzIgsCnosndOASY6/enly1EAuaXeFSQ7cdyA3OuYg=
github.com/mattn/go-shellwords v1.0.14/go.mod h1:EZzvwXDESEeg03EKmM+RmDnNOPKG4lLtQsUlTZDWQ8Y=
github.com/xhd2015/agent-pro v0.0.174 h1:guHGCeqpKIN0TjpfRWsQE0UWGtjhZehf8TzOd00OSt0=
github.com/xhd2015/agent-pro v0.0.174/go.mod h1:UhL0iE613xZM6CqscVCxD+DlNG5WjWvf1xhdiX0AbBc=
github.com/xhd2015/dot-pkgs/go-pkgs v0.0.148 h1:EeriCRJ6gjhl7xErOYRkGOFH0TxdbE3ZiQ4VWkyEqZk=
github.com/xhd2015/dot-pkgs/go-pkgs v0.0.148/go.mod h1:fRqLdDC4F2wHHej+4qiLbfItwpqobArDUxlHb2zP3tg=
github.com/xhd2015/less-flags v1.0.5 h1:PZH0v8wZVdscDcSxLyRFEtybN/Xz341bWQ4JRCQqAQ0=
github.com/xhd2015/less-flags v1.0.5/go.mod h1:HGGM7JrrfZm/RvmxBQT96jF916m9UQE8vELpejQaoIo=
github.com/xhd2015/less-gen v0.0.19 h1:JllrPhx3HzN+f2AB6cTvW9aRCpvuODJFx7affpa0zQY=
github.com/xhd2015/less-gen v0.0.19/go.mod h1:Ym5HW/yfVnf2mgSo48QsuHAKnMTPv/u7oqty+raTnTQ=
github.com/xhd2015/skills v0.0.30 h1:KEchevrG88kPVThFpubadAvFqSgdB6vU7xwuP2IlAxk=
github.com/xhd2015/skills v0.0.30/go.mod h1:rZ2U39lZHqFFgOnaA8iuZvF9zWnwbirvD12m+EuR/Iw=
golang.org/x/sys v0.47.0 h1:o7XGOvZQCADBQQ4Y7VNq2dRWQR7JmOUW8Kxx4ZsNgWs=
golang.org/x/sys v0.47.0/go.mod h1:4GL1E5IUh+htKOUEOaiffhrAeqysfVGipDYzABqnCmw=
golang.org/x/term v0.45.0 h1:NwWyBmoJCbfTHpxrWoZ9C6/VxOf7ic219I8xZZFdrf0=
golang.org/x/term v0.45.0/go.mod h1:9aqxs0blBcrm/n0L9QW0aRVD+ktan8ssZromtqJC43w=
gopkg.in/check.v1 v0.0.0-20161208181325-20d25e280405 h1:yhCVgyC4o1eVCa2tZl7eS0r+SDo693bJlVdllGtEeKM=
gopkg.in/check.v1 v0.0.0-20161208181325-20d25e280405/go.mod h1:Co6ibVJAznAaIkqp8huTwlJQCZ016jof/cbN4VW5Yz0=
gopkg.in/yaml.v3 v3.0.1 h1:fxVm/GzAzEWqLHuvctI91KS9hhNmmWOoWu0XTYJS7CA=
gopkg.in/yaml.v3 v3.0.1/go.mod h1:K4uyk7z7BCEPqu6E+C64Yfv1cQ7kz7rIZviUmN+EgEM=
